# THIS IS AN AUTOGENERATED FILE. DO NOT EDIT THIS FILE DIRECTLY.
# yarn lockfile v1


"@types/gapi.auth2@^0.0.48":
  version "0.0.48"
  resolved "https://registry.yarnpkg.com/@types/gapi.auth2/-/gapi.auth2-0.0.48.tgz#bef480ecf6dce133ec2613107f966880b3cb1935"
  dependencies:
    "@types/gapi" "*"

"@types/gapi@*", "@types/gapi@^0.0.36":
  version "0.0.36"
  resolved "https://registry.yarnpkg.com/@types/gapi/-/gapi-0.0.36.tgz#e7fb3d4d4a6fbdbd0a9aef1cbd93d3b115d59a3d"

typescript@^3.1.0:
  version "3.1.6"
  resolved "https://registry.yarnpkg.com/typescript/-/typescript-3.1.6.tgz#b6543a83cfc8c2befb3f4c8fba6896f5b0c9be68"
